{
  "nodes": {
    "home-manager": {
      "inputs": {
        "nixpkgs": [
          "nixpkgs"
        ]
      },
      "locked": {
        "lastModified": 1740677579,
        "narHash": "sha256-Oxbxcqp8VEYcWtv3mC9uQdoAaSK34F9ahLl5utlm5oc=",
        "owner": "nix-community",
        "repo": "home-manager",
        "rev": "0208592b59424449de69619d37f93f735de0fc33",
        "type": "github"
      },
      "original": {
        "owner": "nix-community",
        "repo": "home-manager",
        "type": "github"
      }
    },
    "nixpkgs": {
      "locked": {
        "lastModified": 1740560979,
        "narHash": "sha256-Vr3Qi346M+8CjedtbyUevIGDZW8LcA1fTG0ugPY/Hic=",
        "owner": "NixOS",
        "repo": "nixpkgs",
        "rev": "5135c59491985879812717f4c9fea69604e7f26f",
        "type": "github"
      },
      "original": {
        "owner": "NixOS",
        "ref": "nixos-unstable",
        "repo": "nixpkgs",
        "type": "github"
      }
    },
    "nvim-btw": {
      "inputs": {
        "nixpkgs": [
          "nixpkgs"
        ]
      },
      "locked": {
        "lastModified": 1740678713,
        "narHash": "sha256-LL4NvLR/jZhbLLH2udCY2oQ0QohRiL/ExhbBVGwzEUw=",
        "owner": "bodby",
        "repo": "nvim-btw",
        "rev": "1fea7b72ff5cb67b4c94c102be94a6d3c98e1ccb",
        "type": "github"
      },
      "original": {
        "owner": "bodby",
        "repo": "nvim-btw",
        "type": "github"
      }
    },
    "root": {
      "inputs": {
        "home-manager": "home-manager",
        "nixpkgs": "nixpkgs",
        "nvim-btw": "nvim-btw",
        "sops-nix": "sops-nix",
        "templates": "templates"
      }
    },
    "sops-nix": {
      "inputs": {
        "nixpkgs": [
          "nixpkgs"
        ]
      },
      "locked": {
        "lastModified": 1739262228,
        "narHash": "sha256-7JAGezJ0Dn5qIyA2+T4Dt/xQgAbhCglh6lzCekTVMeU=",
        "owner": "Mic92",
        "repo": "sops-nix",
        "rev": "07af005bb7d60c7f118d9d9f5530485da5d1e975",
        "type": "github"
      },
      "original": {
        "owner": "Mic92",
        "repo": "sops-nix",
        "type": "github"
      }
    },
    "templates": {
      "locked": {
        "lastModified": 1740679811,
        "narHash": "sha256-N7Hwc+5JXt72I6Us6jYM6sbbvKt45PQ/Jun+2NvfVBE=",
        "owner": "bodby",
        "repo": "templates",
        "rev": "3b3804e57928ae27baa2ee98a951d1927a0a4e26",
        "type": "github"
      },
      "original": {
        "owner": "bodby",
        "repo": "templates",
        "type": "github"
      }
    }
  },
  "root": "root",
  "version": 7
}
